
Microsoft Visual Studio Solution File, Format Version 12.00
# Visual Studio 15
VisualStudioVersion = 15.0.27703.2042
MinimumVisualStudioVersion = 10.0.40219.1
Project("{FAE04EC0-301F-11D3-BF4B-00C04F79EFBC}") = "TemplatesPractice", "TemplatesPractice\TemplatesPractice.csproj", "{08DE5CAA-01A6-41C6-8D50-B7AD517B9E68}"
EndProject
Global
	GlobalSection(SolutionConfigurationPlatforms) = preSolution
		Debug|Any CPU = Debug|Any CPU
		Release|Any CPU = Release|Any CPU
	EndGlobalSection
	GlobalSection(ProjectConfigurationPlatforms) = postSolution
		{08DE5CAA-01A6-41C6-8D50-B7AD517B9E68}.Debug|Any CPU.ActiveCfg = Debug|Any CPU
		{08DE5CAA-01A6-41C6-8D50-B7AD517B9E68}.Debug|Any CPU.Build.0 = Debug|Any CPU
		{08DE5CAA-01A6-41C6-8D50-B7AD517B9E68}.Release|Any CPU.ActiveCfg = Release|Any CPU
		{08DE5CAA-01A6-41C6-8D50-B7AD517B9E68}.Release|Any CPU.Build.0 = Release|Any CPU
	EndGlobalSection
	GlobalSection(SolutionProperties) = preSolution
		HideSolutionNode = FALSE
	EndGlobalSection
	GlobalSection(ExtensibilityGlobals) = postSolution
		SolutionGuid = {C04D8557-B825-46EA-9B84-33318BCACFD4}
	EndGlobalSection
EndGlobal
